{
    "requires": true,
    "lockfileVersion": 1,
    "dependencies": {
        "laravel-mix-merge-manifest": {
            "version": "0.1.2",
            "resolved": "https://registry.npmjs.org/laravel-mix-merge-manifest/-/laravel-mix-merge-manifest-0.1.2.tgz",
            "integrity": "sha512-U6FnfIkxMiOA/49JXSxv8OoW5SjHFTVkJCDq66gL0qt639nwy5aJBsttCyhuAa64xgd3oswGM5o3gpgBF00isQ==",
            "dev": true,
            "requires": {
                "lodash": "^4.17.4"
            }
        },
        "lodash": {
            "version": "4.17.15",
            "resolved": "https://registry.npmjs.org/lodash/-/lodash-4.17.15.tgz",
            "integrity": "sha512-8xOcRHvCjnocdS5cpwXQXVzmmh5e5+saE2QGoeQmbKmRS6J3VQppPOIt0MnmE+4xlZoumy0GPG0D0MVIQbNA1A==",
            "dev": true
        }
    }
}
